
Microsoft Visual Studio Solution File, Format Version 12.00
# Visual Studio Version 16
VisualStudioVersion = 16.0.31129.286
MinimumVisualStudioVersion = 10.0.40219.1
Project("{FAE04EC0-301F-11D3-BF4B-00C04F79EFBC}") = "WebshopBouidi", "WebshopBouidi\WebshopBouidi.csproj", "{33741F6A-5ADC-42E8-98BF-690E5704AC39}"
EndProject
Global
	GlobalSection(SolutionConfigurationPlatforms) = preSolution
		Debug|Any CPU = Debug|Any CPU
		Release|Any CPU = Release|Any CPU
	EndGlobalSection
	GlobalSection(ProjectConfigurationPlatforms) = postSolution
		{33741F6A-5ADC-42E8-98BF-690E5704AC39}.Debug|Any CPU.ActiveCfg = Debug|Any CPU
		{33741F6A-5ADC-42E8-98BF-690E5704AC39}.Debug|Any CPU.Build.0 = Debug|Any CPU
		{33741F6A-5ADC-42E8-98BF-690E5704AC39}.Release|Any CPU.ActiveCfg = Release|Any CPU
		{33741F6A-5ADC-42E8-98BF-690E5704AC39}.Release|Any CPU.Build.0 = Release|Any CPU
	EndGlobalSection
	GlobalSection(SolutionProperties) = preSolution
		HideSolutionNode = FALSE
	EndGlobalSection
	GlobalSection(ExtensibilityGlobals) = postSolution
		SolutionGuid = {409B662A-9655-43FD-B351-10C3CA115BCB}
	EndGlobalSection
EndGlobal
